PODS:
  - Flutter (1.0.0)
  - flutter_des (0.0.1):
    - Flutter

DEPENDENCIES:
  - Flutter (from `Flutter`)
  - flutter_des (from `.symlinks/plugins/flutter_des/ios`)

EXTERNAL SOURCES:
  Flutter:
    :path: Flutter
  flutter_des:
    :path: ".symlinks/plugins/flutter_des/ios"

SPEC CHECKSUMS:
  Flutter: 434fef37c0980e73bb6479ef766c45957d4b510c
  flutter_des: af0bb83f27f1468ad652d907958b1d42d5644544

PODFILE CHECKSUM: aafe91acc616949ddb318b77800a7f51bffa2a4c

COCOAPODS: 1.10.1
